// !$*UTF8*$!
{
	archiveVersion = 1;
	classes = {
	};
	objectVersion = 50;
	objects = {

/* Begin PBXBuildFile section */
		2295127F25CC88740088ABD3 /* AppDelegate.swift in Sources */ = {isa = PBXBuildFile; fileRef = 2295127E25CC88740088ABD3 /* AppDelegate.swift */; };
		2295128125CC88740088ABD3 /* ContentView.swift in Sources */ = {isa = PBXBuildFile; fileRef = 2295128025CC88740088ABD3 /* ContentView.swift */; };
		2295128325CC88740088ABD3 /* Experience.rcproject in Sources */ = {isa = PBXBuildFile; fileRef = 2295128225CC88740088ABD3 /* Experience.rcproject */; };
		2295128525CC88760088ABD3 /* Assets.xcassets in Resources */ = {isa = PBXBuildFile; fileRef = 2295128425CC88760088ABD3 /* Assets.xcassets */; };
		2295128825CC88770088ABD3 /* Preview Assets.xcassets in Resources */ = {isa = PBXBuildFile; fileRef = 2295128725CC88770088ABD3 /* Preview Assets.xcassets */; };
		2295129325CC88770088ABD3 /* _700_AR1Tests.swift in Sources */ = {isa = PBXBuildFile; fileRef = 2295129225CC88770088ABD3 /* _700_AR1Tests.swift */; };
		2295129E25CC88770088ABD3 /* _700_AR1UITests.swift in Sources */ = {isa = PBXBuildFile; fileRef = 2295129D25CC88770088ABD3 /* _700_AR1UITests.swift */; };
		6F81D836260D29F90002BAE1 /* ControlView.swift in Sources */ = {isa = PBXBuildFile; fileRef = 6F81D835260D29F90002BAE1 /* ControlView.swift */; };
		6F81D83B260D2A170002BAE1 /* InfoView.swift in Sources */ = {isa = PBXBuildFile; fileRef = 6F81D83A260D2A170002BAE1 /* InfoView.swift */; };
		6F81D840260D2A360002BAE1 /* WalkthroughView.swift in Sources */ = {isa = PBXBuildFile; fileRef = 6F81D83F260D2A360002BAE1 /* WalkthroughView.swift */; };
		6F81D845260D2A560002BAE1 /* GotItView.swift in Sources */ = {isa = PBXBuildFile; fileRef = 6F81D844260D2A560002BAE1 /* GotItView.swift */; };
		6F81D84A260D2A720002BAE1 /* PageTabView.swift in Sources */ = {isa = PBXBuildFile; fileRef = 6F81D849260D2A720002BAE1 /* PageTabView.swift */; };
		6F81D84F260D2A910002BAE1 /* TabDetailsView.swift in Sources */ = {isa = PBXBuildFile; fileRef = 6F81D84E260D2A910002BAE1 /* TabDetailsView.swift */; };
		6F81D854260D2AAF0002BAE1 /* ButtonsView.swift in Sources */ = {isa = PBXBuildFile; fileRef = 6F81D853260D2AAF0002BAE1 /* ButtonsView.swift */; };
		6F81D859260D2AC10002BAE1 /* Data.swift in Sources */ = {isa = PBXBuildFile; fileRef = 6F81D858260D2AC10002BAE1 /* Data.swift */; };
		6F81D85E260D2AE60002BAE1 /* GradientView.swift in Sources */ = {isa = PBXBuildFile; fileRef = 6F81D85D260D2AE60002BAE1 /* GradientView.swift */; };
/* End PBXBuildFile section */

/* Begin PBXContainerItemProxy section */
		2295128F25CC88770088ABD3 /* PBXContainerItemProxy */ = {
			isa = PBXContainerItemProxy;
			containerPortal = 2295127325CC88740088ABD3 /* Project object */;
			proxyType = 1;
			remoteGlobalIDString = 2295127A25CC88740088ABD3;
			remoteInfo = "3700-AR1";
		};
		2295129A25CC88770088ABD3 /* PBXContainerItemProxy */ = {
			isa = PBXContainerItemProxy;
			containerPortal = 2295127325CC88740088ABD3 /* Project object */;
			proxyType = 1;
			remoteGlobalIDString = 2295127A25CC88740088ABD3;
			remoteInfo = "3700-AR1";
		};
/* End PBXContainerItemProxy section */

/* Begin PBXFileReference section */
		2295127B25CC88740088ABD3 /* 3700-AR1.app */ = {isa = PBXFileReference; explicitFileType = wrapper.application; includeInIndex = 0; path = "3700-AR1.app"; sourceTree = BUILT_PRODUCTS_DIR; };
		2295127E25CC88740088ABD3 /* AppDelegate.swift */ = {isa = PBXFileReference; lastKnownFileType = sourcecode.swift; path = AppDelegate.swift; sourceTree = "<group>"; };
		2295128025CC88740088ABD3 /* ContentView.swift */ = {isa = PBXFileReference; lastKnownFileType = sourcecode.swift; path = ContentView.swift; sourceTree = "<group>"; };
		2295128225CC88740088ABD3 /* Experience.rcproject */ = {isa = PBXFileReference; lastKnownFileType = file.rcproject; path = Experience.rcproject; sourceTree = "<group>"; };
		2295128425CC88760088ABD3 /* Assets.xcassets */ = {isa = PBXFileReference; lastKnownFileType = folder.assetcatalog; path = Assets.xcassets; sourceTree = "<group>"; };
		2295128725CC88770088ABD3 /* Preview Assets.xcassets */ = {isa = PBXFileReference; lastKnownFileType = folder.assetcatalog; path = "Preview Assets.xcassets"; sourceTree = "<group>"; };
		2295128925CC88770088ABD3 /* Info.plist */ = {isa = PBXFileReference; lastKnownFileType = text.plist.xml; path = Info.plist; sourceTree = "<group>"; };
		2295128E25CC88770088ABD3 /* 3700-AR1Tests.xctest */ = {isa = PBXFileReference; explicitFileType = wrapper.cfbundle; includeInIndex = 0; path = "3700-AR1Tests.xctest"; sourceTree = BUILT_PRODUCTS_DIR; };
		2295129225CC88770088ABD3 /* _700_AR1Tests.swift */ = {isa = PBXFileReference; lastKnownFileType = sourcecode.swift; path = _700_AR1Tests.swift; sourceTree = "<group>"; };
		2295129425CC88770088ABD3 /* Info.plist */ = {isa = PBXFileReference; lastKnownFileType = text.plist.xml; path = Info.plist; sourceTree = "<group>"; };
		2295129925CC88770088ABD3 /* 3700-AR1UITests.xctest */ = {isa = PBXFileReference; explicitFileType = wrapper.cfbundle; includeInIndex = 0; path = "3700-AR1UITests.xctest"; sourceTree = BUILT_PRODUCTS_DIR; };
		2295129D25CC88770088ABD3 /* _700_AR1UITests.swift */ = {isa = PBXFileReference; lastKnownFileType = sourcecode.swift; path = _700_AR1UITests.swift; sourceTree = "<group>"; };
		2295129F25CC88770088ABD3 /* Info.plist */ = {isa = PBXFileReference; lastKnownFileType = text.plist.xml; path = Info.plist; sourceTree = "<group>"; };
		6F81D835260D29F90002BAE1 /* ControlView.swift */ = {isa = PBXFileReference; lastKnownFileType = sourcecode.swift; path = ControlView.swift; sourceTree = "<group>"; };
		6F81D83A260D2A170002BAE1 /* InfoView.swift */ = {isa = PBXFileReference; lastKnownFileType = sourcecode.swift; path = InfoView.swift; sourceTree = "<group>"; };
		6F81D83F260D2A360002BAE1 /* WalkthroughView.swift */ = {isa = PBXFileReference; lastKnownFileType = sourcecode.swift; path = WalkthroughView.swift; sourceTree = "<group>"; };
		6F81D844260D2A560002BAE1 /* GotItView.swift */ = {isa = PBXFileReference; lastKnownFileType = sourcecode.swift; path = GotItView.swift; sourceTree = "<group>"; };
		6F81D849260D2A720002BAE1 /* PageTabView.swift */ = {isa = PBXFileReference; lastKnownFileType = sourcecode.swift; path = PageTabView.swift; sourceTree = "<group>"; };
		6F81D84E260D2A910002BAE1 /* TabDetailsView.swift */ = {isa = PBXFileReference; lastKnownFileType = sourcecode.swift; path = TabDetailsView.swift; sourceTree = "<group>"; };
		6F81D853260D2AAF0002BAE1 /* ButtonsView.swift */ = {isa = PBXFileReference; lastKnownFileType = sourcecode.swift; path = ButtonsView.swift; sourceTree = "<group>"; };
		6F81D858260D2AC10002BAE1 /* Data.swift */ = {isa = PBXFileReference; lastKnownFileType = sourcecode.swift; path = Data.swift; sourceTree = "<group>"; };
		6F81D85D260D2AE60002BAE1 /* GradientView.swift */ = {isa = PBXFileReference; lastKnownFileType = sourcecode.swift; path = GradientView.swift; sourceTree = "<group>"; };
/* End PBXFileReference section */

/* Begin PBXFrameworksBuildPhase section */
		2295127825CC88740088ABD3 /* Frameworks */ = {
			isa = PBXFrameworksBuildPhase;
			buildActionMask = 2147483647;
			files = (
			);
			runOnlyForDeploymentPostprocessing = 0;
		};
		2295128B25CC88770088ABD3 /* Frameworks */ = {
			isa = PBXFrameworksBuildPhase;
			buildActionMask = 2147483647;
			files = (
			);
			runOnlyForDeploymentPostprocessing = 0;
		};
		2295129625CC88770088ABD3 /* Frameworks */ = {
			isa = PBXFrameworksBuildPhase;
			buildActionMask = 2147483647;
			files = (
			);
			runOnlyForDeploymentPostprocessing = 0;
		};
/* End PBXFrameworksBuildPhase section */

/* Begin PBXGroup section */
		2295127225CC88740088ABD3 = {
			isa = PBXGroup;
			children = (
				2295127D25CC88740088ABD3 /* 3700-AR1 */,
				2295129125CC88770088ABD3 /* 3700-AR1Tests */,
				2295129C25CC88770088ABD3 /* 3700-AR1UITests */,
				2295127C25CC88740088ABD3 /* Products */,
			);
			sourceTree = "<group>";
		};
		2295127C25CC88740088ABD3 /* Products */ = {
			isa = PBXGroup;
			children = (
				2295127B25CC88740088ABD3 /* 3700-AR1.app */,
				2295128E25CC88770088ABD3 /* 3700-AR1Tests.xctest */,
				2295129925CC88770088ABD3 /* 3700-AR1UITests.xctest */,
			);
			name = Products;
			sourceTree = "<group>";
		};
		2295127D25CC88740088ABD3 /* 3700-AR1 */ = {
			isa = PBXGroup;
			children = (
				2295127E25CC88740088ABD3 /* AppDelegate.swift */,
				2295128025CC88740088ABD3 /* ContentView.swift */,
				6F81D835260D29F90002BAE1 /* ControlView.swift */,
				6F81D83A260D2A170002BAE1 /* InfoView.swift */,
				6F81D83F260D2A360002BAE1 /* WalkthroughView.swift */,
				6F81D844260D2A560002BAE1 /* GotItView.swift */,
				6F81D849260D2A720002BAE1 /* PageTabView.swift */,
				6F81D84E260D2A910002BAE1 /* TabDetailsView.swift */,
				6F81D853260D2AAF0002BAE1 /* ButtonsView.swift */,
				6F81D858260D2AC10002BAE1 /* Data.swift */,
				6F81D85D260D2AE60002BAE1 /* GradientView.swift */,
				2295128225CC88740088ABD3 /* Experience.rcproject */,
				2295128425CC88760088ABD3 /* Assets.xcassets */,
				2295128925CC88770088ABD3 /* Info.plist */,
				2295128625CC88770088ABD3 /* Preview Content */,
			);
			path = "3700-AR1";
			sourceTree = "<group>";
		};
		2295128625CC88770088ABD3 /* Preview Content */ = {
			isa = PBXGroup;
			children = (
				2295128725CC88770088ABD3 /* Preview Assets.xcassets */,
			);
			path = "Preview Content";
			sourceTree = "<group>";
		};
		2295129125CC88770088ABD3 /* 3700-AR1Tests */ = {
			isa = PBXGroup;
			children = (
				2295129225CC88770088ABD3 /* _700_AR1Tests.swift */,
				2295129425CC88770088ABD3 /* Info.plist */,
			);
			path = "3700-AR1Tests";
			sourceTree = "<group>";
		};
		2295129C25CC88770088ABD3 /* 3700-AR1UITests */ = {
			isa = PBXGroup;
			children = (
				2295129D25CC88770088ABD3 /* _700_AR1UITests.swift */,
				2295129F25CC88770088ABD3 /* Info.plist */,
			);
			path = "3700-AR1UITests";
			sourceTree = "<group>";
		};
/* End PBXGroup section */

/* Begin PBXNativeTarget section */
		2295127A25CC88740088ABD3 /* 3700-AR1 */ = {
			isa = PBXNativeTarget;
			buildConfigurationList = 229512A225CC88770088ABD3 /* Build configuration list for PBXNativeTarget "3700-AR1" */;
			buildPhases = (
				2295127725CC88740088ABD3 /* Sources */,
				2295127825CC88740088ABD3 /* Frameworks */,
				2295127925CC88740088ABD3 /* Resources */,
			);
			buildRules = (
			);
			dependencies = (
			);
			name = "3700-AR1";
			productName = "3700-AR1";
			productReference = 2295127B25CC88740088ABD3 /* 3700-AR1.app */;
			productType = "com.apple.product-type.application";
		};
		2295128D25CC88770088ABD3 /* 3700-AR1Tests */ = {
			isa = PBXNativeTarget;
			buildConfigurationList = 229512A525CC88770088ABD3 /* Build configuration list for PBXNativeTarget "3700-AR1Tests" */;
			buildPhases = (
				2295128A25CC88770088ABD3 /* Sources */,
				2295128B25CC88770088ABD3 /* Frameworks */,
				2295128C25CC88770088ABD3 /* Resources */,
			);
			buildRules = (
			);
			dependencies = (
				2295129025CC88770088ABD3 /* PBXTargetDependency */,
			);
			name = "3700-AR1Tests";
			productName = "3700-AR1Tests";
			productReference = 2295128E25CC88770088ABD3 /* 3700-AR1Tests.xctest */;
			productType = "com.apple.product-type.bundle.unit-test";
		};
		2295129825CC88770088ABD3 /* 3700-AR1UITests */ = {
			isa = PBXNativeTarget;
			buildConfigurationList = 229512A825CC88770088ABD3 /* Build configuration list for PBXNativeTarget "3700-AR1UITests" */;
			buildPhases = (
				2295129525CC88770088ABD3 /* Sources */,
				2295129625CC88770088ABD3 /* Frameworks */,
				2295129725CC88770088ABD3 /* Resources */,
			);
			buildRules = (
			);
			dependencies = (
				2295129B25CC88770088ABD3 /* PBXTargetDependency */,
			);
			name = "3700-AR1UITests";
			productName = "3700-AR1UITests";
			productReference = 2295129925CC88770088ABD3 /* 3700-AR1UITests.xctest */;
			productType = "com.apple.product-type.bundle.ui-testing";
		};
/* End PBXNativeTarget section */

/* Begin PBXProject section */
		2295127325CC88740088ABD3 /* Project object */ = {
			isa = PBXProject;
			attributes = {
				LastSwiftUpdateCheck = 1240;
				LastUpgradeCheck = 1240;
				TargetAttributes = {
					2295127A25CC88740088ABD3 = {
						CreatedOnToolsVersion = 12.4;
					};
					2295128D25CC88770088ABD3 = {
						CreatedOnToolsVersion = 12.4;
						TestTargetID = 2295127A25CC88740088ABD3;
					};
					2295129825CC88770088ABD3 = {
						CreatedOnToolsVersion = 12.4;
						TestTargetID = 2295127A25CC88740088ABD3;
					};
				};
			};
			buildConfigurationList = 2295127625CC88740088ABD3 /* Build configuration list for PBXProject "3700-AR1" */;
			compatibilityVersion = "Xcode 9.3";
			developmentRegion = en;
			hasScannedForEncodings = 0;
			knownRegions = (
				en,
				Base,
			);
			mainGroup = 2295127225CC88740088ABD3;
			productRefGroup = 2295127C25CC88740088ABD3 /* Products */;
			projectDirPath = "";
			projectRoot = "";
			targets = (
				2295127A25CC88740088ABD3 /* 3700-AR1 */,
				2295128D25CC88770088ABD3 /* 3700-AR1Tests */,
				2295129825CC88770088ABD3 /* 3700-AR1UITests */,
			);
		};
/* End PBXProject section */

/* Begin PBXResourcesBuildPhase section */
		2295127925CC88740088ABD3 /* Resources */ = {
			isa = PBXResourcesBuildPhase;
			buildActionMask = 2147483647;
			files = (
				2295128825CC88770088ABD3 /* Preview Assets.xcassets in Resources */,
				2295128525CC88760088ABD3 /* Assets.xcassets in Resources */,
			);
			runOnlyForDeploymentPostprocessing = 0;
		};
		2295128C25CC88770088ABD3 /* Resources */ = {
			isa = PBXResourcesBuildPhase;
			buildActionMask = 2147483647;
			files = (
			);
			runOnlyForDeploymentPostprocessing = 0;
		};
		2295129725CC88770088ABD3 /* Resources */ = {
			isa = PBXResourcesBuildPhase;
			buildActionMask = 2147483647;
			files = (
			);
			runOnlyForDeploymentPostprocessing = 0;
		};
/* End PBXResourcesBuildPhase section */

/* Begin PBXSourcesBuildPhase section */
		2295127725CC88740088ABD3 /* Sources */ = {
			isa = PBXSourcesBuildPhase;
			buildActionMask = 2147483647;
			files = (
				6F81D836260D29F90002BAE1 /* ControlView.swift in Sources */,
				2295128125CC88740088ABD3 /* ContentView.swift in Sources */,
				6F81D85E260D2AE60002BAE1 /* GradientView.swift in Sources */,
				2295127F25CC88740088ABD3 /* AppDelegate.swift in Sources */,
				6F81D84A260D2A720002BAE1 /* PageTabView.swift in Sources */,
				6F81D859260D2AC10002BAE1 /* Data.swift in Sources */,
				6F81D83B260D2A170002BAE1 /* InfoView.swift in Sources */,
				2295128325CC88740088ABD3 /* Experience.rcproject in Sources */,
				6F81D854260D2AAF0002BAE1 /* ButtonsView.swift in Sources */,
				6F81D84F260D2A910002BAE1 /* TabDetailsView.swift in Sources */,
				6F81D840260D2A360002BAE1 /* WalkthroughView.swift in Sources */,
				6F81D845260D2A560002BAE1 /* GotItView.swift in Sources */,
			);
			runOnlyForDeploymentPostprocessing = 0;
		};
		2295128A25CC88770088ABD3 /* Sources */ = {
			isa = PBXSourcesBuildPhase;
			buildActionMask = 2147483647;
			files = (
				2295129325CC88770088ABD3 /* _700_AR1Tests.swift in Sources */,
			);
			runOnlyForDeploymentPostprocessing = 0;
		};
		2295129525CC88770088ABD3 /* Sources */ = {
			isa = PBXSourcesBuildPhase;
			buildActionMask = 2147483647;
			files = (
				2295129E25CC88770088ABD3 /* _700_AR1UITests.swift in Sources */,
			);
			runOnlyForDeploymentPostprocessing = 0;
		};
/* End PBXSourcesBuildPhase section */

/* Begin PBXTargetDependency section */
		2295129025CC88770088ABD3 /* PBXTargetDependency */ = {
			isa = PBXTargetDependency;
			target = 2295127A25CC88740088ABD3 /* 3700-AR1 */;
			targetProxy = 2295128F25CC88770088ABD3 /* PBXContainerItemProxy */;
		};
		2295129B25CC88770088ABD3 /* PBXTargetDependency */ = {
			isa = PBXTargetDependency;
			target = 2295127A25CC88740088ABD3 /* 3700-AR1 */;
			targetProxy = 2295129A25CC88770088ABD3 /* PBXContainerItemProxy */;
		};
/* End PBXTargetDependency section */

/* Begin XCBuildConfiguration section */
		229512A025CC88770088ABD3 /* Debug */ = {
			isa = XCBuildConfiguration;
			buildSettings = {
				ALWAYS_SEARCH_USER_PATHS = NO;
				CLANG_ANALYZER_NONNULL = YES;
				CLANG_ANALYZER_NUMBER_OBJECT_CONVERSION = YES_AGGRESSIVE;
				CLANG_CXX_LANGUAGE_STANDARD = "gnu++14";
				CLANG_CXX_LIBRARY = "libc++";
				CLANG_ENABLE_MODULES = YES;
				CLANG_ENABLE_OBJC_ARC = YES;
				CLANG_ENABLE_OBJC_WEAK = YES;
				CLANG_WARN_BLOCK_CAPTURE_AUTORELEASING = YES;
				CLANG_WARN_BOOL_CONVERSION = YES;
				CLANG_WARN_COMMA = YES;
				CLANG_WARN_CONSTANT_CONVERSION = YES;
				CLANG_WARN_DEPRECATED_OBJC_IMPLEMENTATIONS = YES;
				CLANG_WARN_DIRECT_OBJC_ISA_USAGE = YES_ERROR;
				CLANG_WARN_DOCUMENTATION_COMMENTS = YES;
				CLANG_WARN_EMPTY_BODY = YES;
				CLANG_WARN_ENUM_CONVERSION = YES;
				CLANG_WARN_INFINITE_RECURSION = YES;
				CLANG_WARN_INT_CONVERSION = YES;
				CLANG_WARN_NON_LITERAL_NULL_CONVERSION = YES;
				CLANG_WARN_OBJC_IMPLICIT_RETAIN_SELF = YES;
				CLANG_WARN_OBJC_LITERAL_CONVERSION = YES;
				CLANG_WARN_OBJC_ROOT_CLASS = YES_ERROR;
				CLANG_WARN_QUOTED_INCLUDE_IN_FRAMEWORK_HEADER = YES;
				CLANG_WARN_RANGE_LOOP_ANALYSIS = YES;
				CLANG_WARN_STRICT_PROTOTYPES = YES;
				CLANG_WARN_SUSPICIOUS_MOVE = YES;
				CLANG_WARN_UNGUARDED_AVAILABILITY = YES_AGGRESSIVE;
				CLANG_WARN_UNREACHABLE_CODE = YES;
				CLANG_WARN__DUPLICATE_METHOD_MATCH = YES;
				COPY_PHASE_STRIP = NO;
				DEBUG_INFORMATION_FORMAT = dwarf;
				ENABLE_STRICT_OBJC_MSGSEND = YES;
				ENABLE_TESTABILITY = YES;
				GCC_C_LANGUAGE_STANDARD = gnu11;
				GCC_DYNAMIC_NO_PIC = NO;
				GCC_NO_COMMON_BLOCKS = YES;
				GCC_OPTIMIZATION_LEVEL = 0;
				GCC_PREPROCESSOR_DEFINITIONS = (
					"DEBUG=1",
					"$(inherited)",
				);
				GCC_WARN_64_TO_32_BIT_CONVERSION = YES;
				GCC_WARN_ABOUT_RETURN_TYPE = YES_ERROR;
				GCC_WARN_UNDECLARED_SELECTOR = YES;
				GCC_WARN_UNINITIALIZED_AUTOS = YES_AGGRESSIVE;
				GCC_WARN_UNUSED_FUNCTION = YES;
				GCC_WARN_UNUSED_VARIABLE = YES;
				IPHONEOS_DEPLOYMENT_TARGET = 14.4;
				MTL_ENABLE_DEBUG_INFO = INCLUDE_SOURCE;
				MTL_FAST_MATH = YES;
				ONLY_ACTIVE_ARCH = YES;
				SDKROOT = iphoneos;
				SWIFT_ACTIVE_COMPILATION_CONDITIONS = DEBUG;
				SWIFT_OPTIMIZATION_LEVEL = "-Onone";
			};
			name = Debug;
		};
		229512A125CC88770088ABD3 /* Release */ = {
			isa = XCBuildConfiguration;
			buildSettings = {
				ALWAYS_SEARCH_USER_PATHS = NO;
				CLANG_ANALYZER_NONNULL = YES;
				CLANG_ANALYZER_NUMBER_OBJECT_CONVERSION = YES_AGGRESSIVE;
				CLANG_CXX_LANGUAGE_STANDARD = "gnu++14";
				CLANG_CXX_LIBRARY = "libc++";
				CLANG_ENABLE_MODULES = YES;
				CLANG_ENABLE_OBJC_ARC = YES;
				CLANG_ENABLE_OBJC_WEAK = YES;
				CLANG_WARN_BLOCK_CAPTURE_AUTORELEASING = YES;
				CLANG_WARN_BOOL_CONVERSION = YES;
				CLANG_WARN_COMMA = YES;
				CLANG_WARN_CONSTANT_CONVERSION = YES;
				CLANG_WARN_DEPRECATED_OBJC_IMPLEMENTATIONS = YES;
				CLANG_WARN_DIRECT_OBJC_ISA_USAGE = YES_ERROR;
				CLANG_WARN_DOCUMENTATION_COMMENTS = YES;
				CLANG_WARN_EMPTY_BODY = YES;
				CLANG_WARN_ENUM_CONVERSION = YES;
				CLANG_WARN_INFINITE_RECURSION = YES;
				CLANG_WARN_INT_CONVERSION = YES;
				CLANG_WARN_NON_LITERAL_NULL_CONVERSION = YES;
				CLANG_WARN_OBJC_IMPLICIT_RETAIN_SELF = YES;
				CLANG_WARN_OBJC_LITERAL_CONVERSION = YES;
				CLANG_WARN_OBJC_ROOT_CLASS = YES_ERROR;
				CLANG_WARN_QUOTED_INCLUDE_IN_FRAMEWORK_HEADER = YES;
				CLANG_WARN_RANGE_LOOP_ANALYSIS = YES;
				CLANG_WARN_STRICT_PROTOTYPES = YES;
				CLANG_WARN_SUSPICIOUS_MOVE = YES;
				CLANG_WARN_UNGUARDED_AVAILABILITY = YES_AGGRESSIVE;
				CLANG_WARN_UNREACHABLE_CODE = YES;
				CLANG_WARN__DUPLICATE_METHOD_MATCH = YES;
				COPY_PHASE_STRIP = NO;
				DEBUG_INFORMATION_FORMAT = "dwarf-with-dsym";
				ENABLE_NS_ASSERTIONS = NO;
				ENABLE_STRICT_OBJC_MSGSEND = YES;
				GCC_C_LANGUAGE_STANDARD = gnu11;
				GCC_NO_COMMON_BLOCKS = YES;
				GCC_WARN_64_TO_32_BIT_CONVERSION = YES;
				GCC_WARN_ABOUT_RETURN_TYPE = YES_ERROR;
				GCC_WARN_UNDECLARED_SELECTOR = YES;
				GCC_WARN_UNINITIALIZED_AUTOS = YES_AGGRESSIVE;
				GCC_WARN_UNUSED_FUNCTION = YES;
				GCC_WARN_UNUSED_VARIABLE = YES;
				IPHONEOS_DEPLOYMENT_TARGET = 14.4;
				MTL_ENABLE_DEBUG_INFO = NO;
				MTL_FAST_MATH = YES;
				SDKROOT = iphoneos;
				SWIFT_COMPILATION_MODE = wholemodule;
				SWIFT_OPTIMIZATION_LEVEL = "-O";
				VALIDATE_PRODUCT = YES;
			};
			name = Release;
		};
		229512A325CC88770088ABD3 /* Debug */ = {
			isa = XCBuildConfiguration;
			buildSettings = {
				ASSETCATALOG_COMPILER_APPICON_NAME = AppIcon;
				ASSETCATALOG_COMPILER_GLOBAL_ACCENT_COLOR_NAME = AccentColor;
				CODE_SIGN_IDENTITY = "Apple Development";
				CODE_SIGN_STYLE = Automatic;
				DEVELOPMENT_ASSET_PATHS = "\"3700-AR1/Preview Content\"";
				DEVELOPMENT_TEAM = J8B923AJFV;
				ENABLE_PREVIEWS = YES;
				INFOPLIST_FILE = "3700-AR1/Info.plist";
				LD_RUNPATH_SEARCH_PATHS = (
					"$(inherited)",
					"@executable_path/Frameworks",
				);
				PRODUCT_BUNDLE_IDENTIFIER = "com.-700-AR1";
				PRODUCT_NAME = "$(TARGET_NAME)";
				PROVISIONING_PROFILE_SPECIFIER = "";
				SWIFT_VERSION = 5.0;
				TARGETED_DEVICE_FAMILY = "1,2";
			};
			name = Debug;
		};
		229512A425CC88770088ABD3 /* Release */ = {
			isa = XCBuildConfiguration;
			buildSettings = {
				ASSETCATALOG_COMPILER_APPICON_NAME = AppIcon;
				ASSETCATALOG_COMPILER_GLOBAL_ACCENT_COLOR_NAME = AccentColor;
				CODE_SIGN_IDENTITY = "Apple Development";
				CODE_SIGN_STYLE = Automatic;
				DEVELOPMENT_ASSET_PATHS = "\"3700-AR1/Preview Content\"";
				DEVELOPMENT_TEAM = J8B923AJFV;
				ENABLE_PREVIEWS = YES;
				INFOPLIST_FILE = "3700-AR1/Info.plist";
				LD_RUNPATH_SEARCH_PATHS = (
					"$(inherited)",
					"@executable_path/Frameworks",
				);
				PRODUCT_BUNDLE_IDENTIFIER = "com.-700-AR1";
				PRODUCT_NAME = "$(TARGET_NAME)";
				PROVISIONING_PROFILE_SPECIFIER = "";
				SWIFT_VERSION = 5.0;
				TARGETED_DEVICE_FAMILY = "1,2";
			};
			name = Release;
		};
		229512A625CC88770088ABD3 /* Debug */ = {
			isa = XCBuildConfiguration;
			buildSettings = {
				ALWAYS_EMBED_SWIFT_STANDARD_LIBRARIES = YES;
				BUNDLE_LOADER = "$(TEST_HOST)";
				CODE_SIGN_STYLE = Automatic;
				INFOPLIST_FILE = "3700-AR1Tests/Info.plist";
				IPHONEOS_DEPLOYMENT_TARGET = 14.4;
				LD_RUNPATH_SEARCH_PATHS = (
					"$(inherited)",
					"@executable_path/Frameworks",
					"@loader_path/Frameworks",
				);
				PRODUCT_BUNDLE_IDENTIFIER = "com.-700-AR1Tests";
				PRODUCT_NAME = "$(TARGET_NAME)";
				SWIFT_VERSION = 5.0;
				TARGETED_DEVICE_FAMILY = "1,2";
				TEST_HOST = "$(BUILT_PRODUCTS_DIR)/3700-AR1.app/3700-AR1";
			};
			name = Debug;
		};
		229512A725CC88770088ABD3 /* Release */ = {
			isa = XCBuildConfiguration;
			buildSettings = {
				ALWAYS_EMBED_SWIFT_STANDARD_LIBRARIES = YES;
				BUNDLE_LOADER = "$(TEST_HOST)";
				CODE_SIGN_STYLE = Automatic;
				INFOPLIST_FILE = "3700-AR1Tests/Info.plist";
				IPHONEOS_DEPLOYMENT_TARGET = 14.4;
				LD_RUNPATH_SEARCH_PATHS = (
					"$(inherited)",
					"@executable_path/Frameworks",
					"@loader_path/Frameworks",
				);
				PRODUCT_BUNDLE_IDENTIFIER = "com.-700-AR1Tests";
				PRODUCT_NAME = "$(TARGET_NAME)";
				SWIFT_VERSION = 5.0;
				TARGETED_DEVICE_FAMILY = "1,2";
				TEST_HOST = "$(BUILT_PRODUCTS_DIR)/3700-AR1.app/3700-AR1";
			};
			name = Release;
		};
		229512A925CC88770088ABD3 /* Debug */ = {
			isa = XCBuildConfiguration;
			buildSettings = {
				ALWAYS_EMBED_SWIFT_STANDARD_LIBRARIES = YES;
				CODE_SIGN_STYLE = Automatic;
				INFOPLIST_FILE = "3700-AR1UITests/Info.plist";
				LD_RUNPATH_SEARCH_PATHS = (
					"$(inherited)",
					"@executable_path/Frameworks",
					"@loader_path/Frameworks",
				);
				PRODUCT_BUNDLE_IDENTIFIER = "com.-700-AR1UITests";
				PRODUCT_NAME = "$(TARGET_NAME)";
				SWIFT_VERSION = 5.0;
				TARGETED_DEVICE_FAMILY = "1,2";
				TEST_TARGET_NAME = "3700-AR1";
			};
			name = Debug;
		};
		229512AA25CC88770088ABD3 /* Release */ = {
			isa = XCBuildConfiguration;
			buildSettings = {
				ALWAYS_EMBED_SWIFT_STANDARD_LIBRARIES = YES;
				CODE_SIGN_STYLE = Automatic;
				INFOPLIST_FILE = "3700-AR1UITests/Info.plist";
				LD_RUNPATH_SEARCH_PATHS = (
					"$(inherited)",
					"@executable_path/Frameworks",
					"@loader_path/Frameworks",
				);
				PRODUCT_BUNDLE_IDENTIFIER = "com.-700-AR1UITests";
				PRODUCT_NAME = "$(TARGET_NAME)";
				SWIFT_VERSION = 5.0;
				TARGETED_DEVICE_FAMILY = "1,2";
				TEST_TARGET_NAME = "3700-AR1";
			};
			name = Release;
		};
/* End XCBuildConfiguration section */

/* Begin XCConfigurationList section */
		2295127625CC88740088ABD3 /* Build configuration list for PBXProject "3700-AR1" */ = {
			isa = XCConfigurationList;
			buildConfigurations = (
				229512A025CC88770088ABD3 /* Debug */,
				229512A125CC88770088ABD3 /* Release */,
			);
			defaultConfigurationIsVisible = 0;
			defaultConfigurationName = Release;
		};
		229512A225CC88770088ABD3 /* Build configuration list for PBXNativeTarget "3700-AR1" */ = {
			isa = XCConfigurationList;
			buildConfigurations = (
				229512A325CC88770088ABD3 /* Debug */,
				229512A425CC88770088ABD3 /* Release */,
			);
			defaultConfigurationIsVisible = 0;
			defaultConfigurationName = Release;
		};
		229512A525CC88770088ABD3 /* Build configuration list for PBXNativeTarget "3700-AR1Tests" */ = {
			isa = XCConfigurationList;
			buildConfigurations = (
				229512A625CC88770088ABD3 /* Debug */,
				229512A725CC88770088ABD3 /* Release */,
			);
			defaultConfigurationIsVisible = 0;
			defaultConfigurationName = Release;
		};
		229512A825CC88770088ABD3 /* Build configuration list for PBXNativeTarget "3700-AR1UITests" */ = {
			isa = XCConfigurationList;
			buildConfigurations = (
				229512A925CC88770088ABD3 /* Debug */,
				229512AA25CC88770088ABD3 /* Release */,
			);
			defaultConfigurationIsVisible = 0;
			defaultConfigurationName = Release;
		};
/* End XCConfigurationList section */
	};
	rootObject = 2295127325CC88740088ABD3 /* Project object */;
}
